{
    "_readme": [
        "This file locks the dependencies of your project to a known state",
        "Read more about it at https://getcomposer.org/doc/01-basic-usage.md#installing-dependencies",
        "This file is @generated automatically"
    ],
    "content-hash": "bacca5c6590baf4b7109b5878be9fdf2",
    "packages": [
        {
            "name": "affiliatewp/affwp-addon-tools",
            "version": "1.1",
            "source": {
                "type": "git",
                "url": "git@github.com:awesomemotive/affwp-addon-tools.git",
                "reference": "b210451fa52b8d472e803efef3f3fe4eb0146820"
            },
            "dist": {
                "type": "zip",
                "url": "https://api.github.com/repos/awesomemotive/affwp-addon-tools/zipball/b210451fa52b8d472e803efef3f3fe4eb0146820",
                "reference": "b210451fa52b8d472e803efef3f3fe4eb0146820",
                "shasum": ""
            },
            "type": "library",
            "license": [
                "GPLv2"
            ],
            "description": "Classes and code used by AffiliateWP and its add-ons.",
            "support": {
                "source": "https://github.com/awesomemotive/affwp-addon-tools/tree/1.1",
                "issues": "https://github.com/awesomemotive/affwp-addon-tools/issues"
            },
            "time": "2021-10-27T18:03:06+00:00"
        },
        {
            "name": "mnsami/composer-custom-directory-installer",
            "version": "1.1.1",
            "source": {
                "type": "git",
                "url": "https://github.com/mnsami/composer-custom-directory-installer.git",
                "reference": "8cc82e0c5801cc3bf53ba452afdcaa5c6ff645a5"
            },
            "dist": {
                "type": "zip",
                "url": "https://api.github.com/repos/mnsami/composer-custom-directory-installer/zipball/8cc82e0c5801cc3bf53ba452afdcaa5c6ff645a5",
                "reference": "8cc82e0c5801cc3bf53ba452afdcaa5c6ff645a5",
                "shasum": ""
            },
            "require": {
                "composer-plugin-api": "^1.0",
                "php": ">=5.3"
            },
            "type": "composer-plugin",
            "extra": {
                "class": [
                    "Composer\\CustomDirectoryInstaller\\LibraryPlugin",
                    "Composer\\CustomDirectoryInstaller\\PearPlugin",
                    "Composer\\CustomDirectoryInstaller\\PluginPlugin"
                ],
                "branch-alias": {
                    "dev-master": "1.1.x-dev"
                }
            },
            "autoload": {
                "psr-0": {
                    "Composer\\CustomDirectoryInstaller": "src/"
                }
            },
            "notification-url": "https://packagist.org/downloads/",
            "license": [
                "MIT"
            ],
            "authors": [
                {
                    "name": "Mina Nabil Sami",
                    "email": "mina.nsami@gmail.com"
                }
            ],
            "description": "A composer plugin, to help install packages of different types in custom paths.",
            "keywords": [
                "composer",
                "composer-installer",
                "composer-plugin"
            ],
            "time": "2016-05-25T08:26:02+00:00"
        }
    ],
    "packages-dev": [],
    "aliases": [],
    "minimum-stability": "stable",
    "stability-flags": [],
    "prefer-stable": false,
    "prefer-lowest": false,
    "platform": [],
    "platform-dev": [],
    "plugin-api-version": "1.1.0"
}
